// !$*UTF8*$!
{
	archiveVersion = 1;
	classes = {
	};
	objectVersion = 50;
	objects = {

/* Begin PBXBuildFile section */
		AB6F13652105738C00DE3464 /* AppDelegate.m in Sources */ = {isa = PBXBuildFile; fileRef = AB6F13642105738C00DE3464 /* AppDelegate.m */; };
		AB6F13682105738C00DE3464 /* ViewController.mm in Sources */ = {isa = PBXBuildFile; fileRef = AB6F13672105738C00DE3464 /* ViewController.mm */; };
		AB6F136B2105738C00DE3464 /* Main.storyboard in Resources */ = {isa = PBXBuildFile; fileRef = AB6F13692105738C00DE3464 /* Main.storyboard */; };
		AB6F136D2105738C00DE3464 /* Assets.xcassets in Resources */ = {isa = PBXBuildFile; fileRef = AB6F136C2105738C00DE3464 /* Assets.xcassets */; };
		AB6F13702105738C00DE3464 /* LaunchScreen.storyboard in Resources */ = {isa = PBXBuildFile; fileRef = AB6F136E2105738C00DE3464 /* LaunchScreen.storyboard */; };
		AB6F13732105738C00DE3464 /* main.m in Sources */ = {isa = PBXBuildFile; fileRef = AB6F13722105738C00DE3464 /* main.m */; };
		AB6F137B210573AE00DE3464 /* QMRunningLocationManager.mm in Sources */ = {isa = PBXBuildFile; fileRef = AB6F137A210573AE00DE3464 /* QMRunningLocationManager.mm */; };
		AB6F137E2105742300DE3464 /* CoreLocation.framework in Frameworks */ = {isa = PBXBuildFile; fileRef = AB6F137D2105742300DE3464 /* CoreLocation.framework */; };
		AB6F13852105793600DE3464 /* Podfile in Resources */ = {isa = PBXBuildFile; fileRef = AB6F13842105793600DE3464 /* Podfile */; };
		AB6F138721057FCA00DE3464 /* MapKit.framework in Frameworks */ = {isa = PBXBuildFile; fileRef = AB6F138621057FCA00DE3464 /* MapKit.framework */; };
		AB6F138A210586C000DE3464 /* QMRunningPoints.m in Sources */ = {isa = PBXBuildFile; fileRef = AB6F1389210586C000DE3464 /* QMRunningPoints.m */; };
		AB6F13B12105CA2400DE3464 /* Accelerate.framework in Frameworks */ = {isa = PBXBuildFile; fileRef = AB6F13B02105CA2400DE3464 /* Accelerate.framework */; };
		AB8EB0A32108208F0089C886 /* QMLocationPoint.cpp in Sources */ = {isa = PBXBuildFile; fileRef = AB8EB09D2108208F0089C886 /* QMLocationPoint.cpp */; };
		AB8EB0A42108208F0089C886 /* QMMatrixObject.cpp in Sources */ = {isa = PBXBuildFile; fileRef = AB8EB09F2108208F0089C886 /* QMMatrixObject.cpp */; };
		AB8EB0A52108208F0089C886 /* QMKalmanFilter.cpp in Sources */ = {isa = PBXBuildFile; fileRef = AB8EB0A12108208F0089C886 /* QMKalmanFilter.cpp */; };
		AB8EB0A8210952870089C886 /* QMRunningPointZone.m in Sources */ = {isa = PBXBuildFile; fileRef = AB8EB0A7210952870089C886 /* QMRunningPointZone.m */; };
		AB8EB0C52109DE680089C886 /* QMRunningLocationConfiguration.m in Sources */ = {isa = PBXBuildFile; fileRef = AB8EB0C42109DE680089C886 /* QMRunningLocationConfiguration.m */; };
/* End PBXBuildFile section */

/* Begin PBXFileReference section */
		36546455B7B2D6295B9735C8 /* Pods-VCRunningLocationLogger.debug.xcconfig */ = {isa = PBXFileReference; includeInIndex = 1; lastKnownFileType = text.xcconfig; name = "Pods-VCRunningLocationLogger.debug.xcconfig"; path = "Pods/Target Support Files/Pods-VCRunningLocationLogger/Pods-VCRunningLocationLogger.debug.xcconfig"; sourceTree = "<group>"; };
		38B82283710F7EF984EB4A64 /* Pods-VCRunningLocationLogger.release.xcconfig */ = {isa = PBXFileReference; includeInIndex = 1; lastKnownFileType = text.xcconfig; name = "Pods-VCRunningLocationLogger.release.xcconfig"; path = "Pods/Target Support Files/Pods-VCRunningLocationLogger/Pods-VCRunningLocationLogger.release.xcconfig"; sourceTree = "<group>"; };
		417B7C9D7534F3E00B0190B3 /* libPods-VCRunningLocationLogger.a */ = {isa = PBXFileReference; explicitFileType = archive.ar; includeInIndex = 0; path = "libPods-VCRunningLocationLogger.a"; sourceTree = BUILT_PRODUCTS_DIR; };
		AB6F13602105738B00DE3464 /* VCRunningLocationLogger.app */ = {isa = PBXFileReference; explicitFileType = wrapper.application; includeInIndex = 0; path = VCRunningLocationLogger.app; sourceTree = BUILT_PRODUCTS_DIR; };
		AB6F13632105738C00DE3464 /* AppDelegate.h */ = {isa = PBXFileReference; lastKnownFileType = sourcecode.c.h; path = AppDelegate.h; sourceTree = "<group>"; };
		AB6F13642105738C00DE3464 /* AppDelegate.m */ = {isa = PBXFileReference; lastKnownFileType = sourcecode.c.objc; path = AppDelegate.m; sourceTree = "<group>"; };
		AB6F13662105738C00DE3464 /* ViewController.h */ = {isa = PBXFileReference; lastKnownFileType = sourcecode.c.h; path = ViewController.h; sourceTree = "<group>"; };
		AB6F13672105738C00DE3464 /* ViewController.mm */ = {isa = PBXFileReference; lastKnownFileType = sourcecode.cpp.objcpp; path = ViewController.mm; sourceTree = "<group>"; };
		AB6F136A2105738C00DE3464 /* Base */ = {isa = PBXFileReference; lastKnownFileType = file.storyboard; name = Base; path = Base.lproj/Main.storyboard; sourceTree = "<group>"; };
		AB6F136C2105738C00DE3464 /* Assets.xcassets */ = {isa = PBXFileReference; lastKnownFileType = folder.assetcatalog; path = Assets.xcassets; sourceTree = "<group>"; };
		AB6F136F2105738C00DE3464 /* Base */ = {isa = PBXFileReference; lastKnownFileType = file.storyboard; name = Base; path = Base.lproj/LaunchScreen.storyboard; sourceTree = "<group>"; };
		AB6F13712105738C00DE3464 /* Info.plist */ = {isa = PBXFileReference; lastKnownFileType = text.plist.xml; path = Info.plist; sourceTree = "<group>"; };
		AB6F13722105738C00DE3464 /* main.m */ = {isa = PBXFileReference; lastKnownFileType = sourcecode.c.objc; path = main.m; sourceTree = "<group>"; };
		AB6F1379210573AE00DE3464 /* QMRunningLocationManager.h */ = {isa = PBXFileReference; lastKnownFileType = sourcecode.c.h; path = QMRunningLocationManager.h; sourceTree = "<group>"; };
		AB6F137A210573AE00DE3464 /* QMRunningLocationManager.mm */ = {isa = PBXFileReference; lastKnownFileType = sourcecode.cpp.objcpp; path = QMRunningLocationManager.mm; sourceTree = "<group>"; };
		AB6F137D2105742300DE3464 /* CoreLocation.framework */ = {isa = PBXFileReference; lastKnownFileType = wrapper.framework; name = CoreLocation.framework; path = System/Library/Frameworks/CoreLocation.framework; sourceTree = SDKROOT; };
		AB6F13842105793600DE3464 /* Podfile */ = {isa = PBXFileReference; fileEncoding = 4; lastKnownFileType = text; path = Podfile; sourceTree = "<group>"; };
		AB6F138621057FCA00DE3464 /* MapKit.framework */ = {isa = PBXFileReference; lastKnownFileType = wrapper.framework; name = MapKit.framework; path = System/Library/Frameworks/MapKit.framework; sourceTree = SDKROOT; };
		AB6F1388210586C000DE3464 /* QMRunningPoints.h */ = {isa = PBXFileReference; lastKnownFileType = sourcecode.c.h; path = QMRunningPoints.h; sourceTree = "<group>"; };
		AB6F1389210586C000DE3464 /* QMRunningPoints.m */ = {isa = PBXFileReference; lastKnownFileType = sourcecode.c.objc; path = QMRunningPoints.m; sourceTree = "<group>"; };
		AB6F13B02105CA2400DE3464 /* Accelerate.framework */ = {isa = PBXFileReference; lastKnownFileType = wrapper.framework; name = Accelerate.framework; path = System/Library/Frameworks/Accelerate.framework; sourceTree = SDKROOT; };
		AB8EB09D2108208F0089C886 /* QMLocationPoint.cpp */ = {isa = PBXFileReference; fileEncoding = 4; lastKnownFileType = sourcecode.cpp.cpp; path = QMLocationPoint.cpp; sourceTree = "<group>"; };
		AB8EB09E2108208F0089C886 /* QMLocationPoint.hpp */ = {isa = PBXFileReference; fileEncoding = 4; lastKnownFileType = sourcecode.cpp.h; path = QMLocationPoint.hpp; sourceTree = "<group>"; };
		AB8EB09F2108208F0089C886 /* QMMatrixObject.cpp */ = {isa = PBXFileReference; fileEncoding = 4; lastKnownFileType = sourcecode.cpp.cpp; path = QMMatrixObject.cpp; sourceTree = "<group>"; };
		AB8EB0A02108208F0089C886 /* QMMatrixObject.hpp */ = {isa = PBXFileReference; fileEncoding = 4; lastKnownFileType = sourcecode.cpp.h; path = QMMatrixObject.hpp; sourceTree = "<group>"; };
		AB8EB0A12108208F0089C886 /* QMKalmanFilter.cpp */ = {isa = PBXFileReference; fileEncoding = 4; lastKnownFileType = sourcecode.cpp.cpp; path = QMKalmanFilter.cpp; sourceTree = "<group>"; };
		AB8EB0A22108208F0089C886 /* QMKalmanFilter.hpp */ = {isa = PBXFileReference; fileEncoding = 4; lastKnownFileType = sourcecode.cpp.h; path = QMKalmanFilter.hpp; sourceTree = "<group>"; };
		AB8EB0A6210952870089C886 /* QMRunningPointZone.h */ = {isa = PBXFileReference; lastKnownFileType = sourcecode.c.h; path = QMRunningPointZone.h; sourceTree = "<group>"; };
		AB8EB0A7210952870089C886 /* QMRunningPointZone.m */ = {isa = PBXFileReference; lastKnownFileType = sourcecode.c.objc; path = QMRunningPointZone.m; sourceTree = "<group>"; };
		AB8EB0C32109DE680089C886 /* QMRunningLocationConfiguration.h */ = {isa = PBXFileReference; lastKnownFileType = sourcecode.c.h; path = QMRunningLocationConfiguration.h; sourceTree = "<group>"; };
		AB8EB0C42109DE680089C886 /* QMRunningLocationConfiguration.m */ = {isa = PBXFileReference; lastKnownFileType = sourcecode.c.objc; path = QMRunningLocationConfiguration.m; sourceTree = "<group>"; };
/* End PBXFileReference section */

/* Begin PBXFrameworksBuildPhase section */
		AB6F135D2105738B00DE3464 /* Frameworks */ = {
			isa = PBXFrameworksBuildPhase;
			buildActionMask = 2147483647;
			files = (
				AB6F13B12105CA2400DE3464 /* Accelerate.framework in Frameworks */,
				AB6F138721057FCA00DE3464 /* MapKit.framework in Frameworks */,
				AB6F137E2105742300DE3464 /* CoreLocation.framework in Frameworks */,
			);
			runOnlyForDeploymentPostprocessing = 0;
		};
/* End PBXFrameworksBuildPhase section */

/* Begin PBXGroup section */
		AB6F13572105738B00DE3464 = {
			isa = PBXGroup;
			children = (
				AB8EB0C22109DDCC0089C886 /* VCRunningLocationLogger */,
				AB8EB09C210820730089C886 /* VCKalmanFilter */,
				AB6F13842105793600DE3464 /* Podfile */,
				AB6F13622105738B00DE3464 /* VCRunningLocationLogger */,
				AB6F13612105738B00DE3464 /* Products */,
				AB6F137C2105742300DE3464 /* Frameworks */,
				C46BF8DA27F0E70300A0E761 /* Pods */,
			);
			sourceTree = "<group>";
		};
		AB6F13612105738B00DE3464 /* Products */ = {
			isa = PBXGroup;
			children = (
				AB6F13602105738B00DE3464 /* VCRunningLocationLogger.app */,
			);
			name = Products;
			sourceTree = "<group>";
		};
		AB6F13622105738B00DE3464 /* VCRunningLocationLogger */ = {
			isa = PBXGroup;
			children = (
				AB6F13632105738C00DE3464 /* AppDelegate.h */,
				AB6F13642105738C00DE3464 /* AppDelegate.m */,
				AB6F13662105738C00DE3464 /* ViewController.h */,
				AB6F13672105738C00DE3464 /* ViewController.mm */,
				AB6F13692105738C00DE3464 /* Main.storyboard */,
				AB6F136C2105738C00DE3464 /* Assets.xcassets */,
				AB6F136E2105738C00DE3464 /* LaunchScreen.storyboard */,
				AB6F13712105738C00DE3464 /* Info.plist */,
				AB6F13722105738C00DE3464 /* main.m */,
			);
			path = VCRunningLocationLogger;
			sourceTree = "<group>";
		};
		AB6F137C2105742300DE3464 /* Frameworks */ = {
			isa = PBXGroup;
			children = (
				AB6F13B02105CA2400DE3464 /* Accelerate.framework */,
				AB6F138621057FCA00DE3464 /* MapKit.framework */,
				AB6F137D2105742300DE3464 /* CoreLocation.framework */,
				417B7C9D7534F3E00B0190B3 /* libPods-VCRunningLocationLogger.a */,
			);
			name = Frameworks;
			sourceTree = "<group>";
		};
		AB8EB09C210820730089C886 /* VCKalmanFilter */ = {
			isa = PBXGroup;
			children = (
				AB8EB0A12108208F0089C886 /* QMKalmanFilter.cpp */,
				AB8EB0A22108208F0089C886 /* QMKalmanFilter.hpp */,
				AB8EB09D2108208F0089C886 /* QMLocationPoint.cpp */,
				AB8EB09E2108208F0089C886 /* QMLocationPoint.hpp */,
				AB8EB09F2108208F0089C886 /* QMMatrixObject.cpp */,
				AB8EB0A02108208F0089C886 /* QMMatrixObject.hpp */,
			);
			path = VCKalmanFilter;
			sourceTree = "<group>";
		};
		AB8EB0C22109DDCC0089C886 /* VCRunningLocationLogger */ = {
			isa = PBXGroup;
			children = (
				AB6F1379210573AE00DE3464 /* QMRunningLocationManager.h */,
				AB6F137A210573AE00DE3464 /* QMRunningLocationManager.mm */,
				AB8EB0A6210952870089C886 /* QMRunningPointZone.h */,
				AB8EB0A7210952870089C886 /* QMRunningPointZone.m */,
				AB6F1388210586C000DE3464 /* QMRunningPoints.h */,
				AB6F1389210586C000DE3464 /* QMRunningPoints.m */,
				AB8EB0C32109DE680089C886 /* QMRunningLocationConfiguration.h */,
				AB8EB0C42109DE680089C886 /* QMRunningLocationConfiguration.m */,
			);
			name = VCRunningLocationLogger;
			path = QMRunningLocationLogger;
			sourceTree = "<group>";
		};
		C46BF8DA27F0E70300A0E761 /* Pods */ = {
			isa = PBXGroup;
			children = (
				36546455B7B2D6295B9735C8 /* Pods-VCRunningLocationLogger.debug.xcconfig */,
				38B82283710F7EF984EB4A64 /* Pods-VCRunningLocationLogger.release.xcconfig */,
			);
			name = Pods;
			sourceTree = "<group>";
		};
/* End PBXGroup section */

/* Begin PBXNativeTarget section */
		AB6F135F2105738B00DE3464 /* VCRunningLocationLogger */ = {
			isa = PBXNativeTarget;
			buildConfigurationList = AB6F13762105738C00DE3464 /* Build configuration list for PBXNativeTarget "VCRunningLocationLogger" */;
			buildPhases = (
				36E5D8AFF683BF0F4B701CF8 /* [CP] Check Pods Manifest.lock */,
				AB6F135C2105738B00DE3464 /* Sources */,
				AB6F135D2105738B00DE3464 /* Frameworks */,
				AB6F135E2105738B00DE3464 /* Resources */,
			);
			buildRules = (
			);
			dependencies = (
			);
			name = VCRunningLocationLogger;
			productName = VCRunningLocationLogger;
			productReference = AB6F13602105738B00DE3464 /* VCRunningLocationLogger.app */;
			productType = "com.apple.product-type.application";
		};
/* End PBXNativeTarget section */

/* Begin PBXProject section */
		AB6F13582105738B00DE3464 /* Project object */ = {
			isa = PBXProject;
			attributes = {
				LastUpgradeCheck = 0940;
				ORGANIZATIONNAME = "Weiming Wu";
				TargetAttributes = {
					AB6F135F2105738B00DE3464 = {
						CreatedOnToolsVersion = 9.4.1;
						SystemCapabilities = {
							com.apple.BackgroundModes = {
								enabled = 1;
							};
						};
					};
				};
			};
			buildConfigurationList = AB6F135B2105738B00DE3464 /* Build configuration list for PBXProject "VCRunningLocationLogger" */;
			compatibilityVersion = "Xcode 9.3";
			developmentRegion = en;
			hasScannedForEncodings = 0;
			knownRegions = (
				en,
				Base,
			);
			mainGroup = AB6F13572105738B00DE3464;
			productRefGroup = AB6F13612105738B00DE3464 /* Products */;
			projectDirPath = "";
			projectRoot = "";
			targets = (
				AB6F135F2105738B00DE3464 /* VCRunningLocationLogger */,
			);
		};
/* End PBXProject section */

/* Begin PBXResourcesBuildPhase section */
		AB6F135E2105738B00DE3464 /* Resources */ = {
			isa = PBXResourcesBuildPhase;
			buildActionMask = 2147483647;
			files = (
				AB6F13702105738C00DE3464 /* LaunchScreen.storyboard in Resources */,
				AB6F136D2105738C00DE3464 /* Assets.xcassets in Resources */,
				AB6F13852105793600DE3464 /* Podfile in Resources */,
				AB6F136B2105738C00DE3464 /* Main.storyboard in Resources */,
			);
			runOnlyForDeploymentPostprocessing = 0;
		};
/* End PBXResourcesBuildPhase section */

/* Begin PBXShellScriptBuildPhase section */
		36E5D8AFF683BF0F4B701CF8 /* [CP] Check Pods Manifest.lock */ = {
			isa = PBXShellScriptBuildPhase;
			buildActionMask = 2147483647;
			files = (
			);
			inputPaths = (
				"${PODS_PODFILE_DIR_PATH}/Podfile.lock",
				"${PODS_ROOT}/Manifest.lock",
			);
			name = "[CP] Check Pods Manifest.lock";
			outputPaths = (
				"$(DERIVED_FILE_DIR)/Pods-VCRunningLocationLogger-checkManifestLockResult.txt",
			);
			runOnlyForDeploymentPostprocessing = 0;
			shellPath = /bin/sh;
			shellScript = "diff \"${PODS_PODFILE_DIR_PATH}/Podfile.lock\" \"${PODS_ROOT}/Manifest.lock\" > /dev/null\nif [ $? != 0 ] ; then\n    # print error to STDERR\n    echo \"error: The sandbox is not in sync with the Podfile.lock. Run 'pod install' or update your CocoaPods installation.\" >&2\n    exit 1\nfi\n# This output is used by Xcode 'outputs' to avoid re-running this script phase.\necho \"SUCCESS\" > \"${SCRIPT_OUTPUT_FILE_0}\"\n";
			showEnvVarsInLog = 0;
		};
/* End PBXShellScriptBuildPhase section */

/* Begin PBXSourcesBuildPhase section */
		AB6F135C2105738B00DE3464 /* Sources */ = {
			isa = PBXSourcesBuildPhase;
			buildActionMask = 2147483647;
			files = (
				AB8EB0A8210952870089C886 /* QMRunningPointZone.m in Sources */,
				AB8EB0A52108208F0089C886 /* QMKalmanFilter.cpp in Sources */,
				AB6F13682105738C00DE3464 /* ViewController.mm in Sources */,
				AB6F13732105738C00DE3464 /* main.m in Sources */,
				AB6F13652105738C00DE3464 /* AppDelegate.m in Sources */,
				AB6F137B210573AE00DE3464 /* QMRunningLocationManager.mm in Sources */,
				AB8EB0A32108208F0089C886 /* QMLocationPoint.cpp in Sources */,
				AB8EB0A42108208F0089C886 /* QMMatrixObject.cpp in Sources */,
				AB8EB0C52109DE680089C886 /* QMRunningLocationConfiguration.m in Sources */,
				AB6F138A210586C000DE3464 /* QMRunningPoints.m in Sources */,
			);
			runOnlyForDeploymentPostprocessing = 0;
		};
/* End PBXSourcesBuildPhase section */

/* Begin PBXVariantGroup section */
		AB6F13692105738C00DE3464 /* Main.storyboard */ = {
			isa = PBXVariantGroup;
			children = (
				AB6F136A2105738C00DE3464 /* Base */,
			);
			name = Main.storyboard;
			sourceTree = "<group>";
		};
		AB6F136E2105738C00DE3464 /* LaunchScreen.storyboard */ = {
			isa = PBXVariantGroup;
			children = (
				AB6F136F2105738C00DE3464 /* Base */,
			);
			name = LaunchScreen.storyboard;
			sourceTree = "<group>";
		};
/* End PBXVariantGroup section */

/* Begin XCBuildConfiguration section */
		AB6F13742105738C00DE3464 /* Debug */ = {
			isa = XCBuildConfiguration;
			buildSettings = {
				ALWAYS_SEARCH_USER_PATHS = NO;
				CLANG_ANALYZER_NONNULL = YES;
				CLANG_ANALYZER_NUMBER_OBJECT_CONVERSION = YES_AGGRESSIVE;
				CLANG_CXX_LANGUAGE_STANDARD = "gnu++14";
				CLANG_CXX_LIBRARY = "libc++";
				CLANG_ENABLE_MODULES = YES;
				CLANG_ENABLE_OBJC_ARC = YES;
				CLANG_ENABLE_OBJC_WEAK = YES;
				CLANG_WARN_BLOCK_CAPTURE_AUTORELEASING = YES;
				CLANG_WARN_BOOL_CONVERSION = YES;
				CLANG_WARN_COMMA = YES;
				CLANG_WARN_CONSTANT_CONVERSION = YES;
				CLANG_WARN_DEPRECATED_OBJC_IMPLEMENTATIONS = YES;
				CLANG_WARN_DIRECT_OBJC_ISA_USAGE = YES_ERROR;
				CLANG_WARN_DOCUMENTATION_COMMENTS = YES;
				CLANG_WARN_EMPTY_BODY = YES;
				CLANG_WARN_ENUM_CONVERSION = YES;
				CLANG_WARN_INFINITE_RECURSION = YES;
				CLANG_WARN_INT_CONVERSION = YES;
				CLANG_WARN_NON_LITERAL_NULL_CONVERSION = YES;
				CLANG_WARN_OBJC_IMPLICIT_RETAIN_SELF = YES;
				CLANG_WARN_OBJC_LITERAL_CONVERSION = YES;
				CLANG_WARN_OBJC_ROOT_CLASS = YES_ERROR;
				CLANG_WARN_RANGE_LOOP_ANALYSIS = YES;
				CLANG_WARN_STRICT_PROTOTYPES = YES;
				CLANG_WARN_SUSPICIOUS_MOVE = YES;
				CLANG_WARN_UNGUARDED_AVAILABILITY = YES_AGGRESSIVE;
				CLANG_WARN_UNREACHABLE_CODE = YES;
				CLANG_WARN__DUPLICATE_METHOD_MATCH = YES;
				CODE_SIGN_IDENTITY = "iPhone Developer";
				COPY_PHASE_STRIP = NO;
				DEBUG_INFORMATION_FORMAT = dwarf;
				ENABLE_STRICT_OBJC_MSGSEND = YES;
				ENABLE_TESTABILITY = YES;
				GCC_C_LANGUAGE_STANDARD = gnu11;
				GCC_DYNAMIC_NO_PIC = NO;
				GCC_NO_COMMON_BLOCKS = YES;
				GCC_OPTIMIZATION_LEVEL = 0;
				GCC_PREPROCESSOR_DEFINITIONS = (
					"DEBUG=1",
					"$(inherited)",
				);
				GCC_WARN_64_TO_32_BIT_CONVERSION = YES;
				GCC_WARN_ABOUT_RETURN_TYPE = YES_ERROR;
				GCC_WARN_UNDECLARED_SELECTOR = YES;
				GCC_WARN_UNINITIALIZED_AUTOS = YES_AGGRESSIVE;
				GCC_WARN_UNUSED_FUNCTION = YES;
				GCC_WARN_UNUSED_VARIABLE = YES;
				IPHONEOS_DEPLOYMENT_TARGET = 11.4;
				MTL_ENABLE_DEBUG_INFO = YES;
				ONLY_ACTIVE_ARCH = YES;
				SDKROOT = iphoneos;
			};
			name = Debug;
		};
		AB6F13752105738C00DE3464 /* Release */ = {
			isa = XCBuildConfiguration;
			buildSettings = {
				ALWAYS_SEARCH_USER_PATHS = NO;
				CLANG_ANALYZER_NONNULL = YES;
				CLANG_ANALYZER_NUMBER_OBJECT_CONVERSION = YES_AGGRESSIVE;
				CLANG_CXX_LANGUAGE_STANDARD = "gnu++14";
				CLANG_CXX_LIBRARY = "libc++";
				CLANG_ENABLE_MODULES = YES;
				CLANG_ENABLE_OBJC_ARC = YES;
				CLANG_ENABLE_OBJC_WEAK = YES;
				CLANG_WARN_BLOCK_CAPTURE_AUTORELEASING = YES;
				CLANG_WARN_BOOL_CONVERSION = YES;
				CLANG_WARN_COMMA = YES;
				CLANG_WARN_CONSTANT_CONVERSION = YES;
				CLANG_WARN_DEPRECATED_OBJC_IMPLEMENTATIONS = YES;
				CLANG_WARN_DIRECT_OBJC_ISA_USAGE = YES_ERROR;
				CLANG_WARN_DOCUMENTATION_COMMENTS = YES;
				CLANG_WARN_EMPTY_BODY = YES;
				CLANG_WARN_ENUM_CONVERSION = YES;
				CLANG_WARN_INFINITE_RECURSION = YES;
				CLANG_WARN_INT_CONVERSION = YES;
				CLANG_WARN_NON_LITERAL_NULL_CONVERSION = YES;
				CLANG_WARN_OBJC_IMPLICIT_RETAIN_SELF = YES;
				CLANG_WARN_OBJC_LITERAL_CONVERSION = YES;
				CLANG_WARN_OBJC_ROOT_CLASS = YES_ERROR;
				CLANG_WARN_RANGE_LOOP_ANALYSIS = YES;
				CLANG_WARN_STRICT_PROTOTYPES = YES;
				CLANG_WARN_SUSPICIOUS_MOVE = YES;
				CLANG_WARN_UNGUARDED_AVAILABILITY = YES_AGGRESSIVE;
				CLANG_WARN_UNREACHABLE_CODE = YES;
				CLANG_WARN__DUPLICATE_METHOD_MATCH = YES;
				CODE_SIGN_IDENTITY = "iPhone Developer";
				COPY_PHASE_STRIP = NO;
				DEBUG_INFORMATION_FORMAT = "dwarf-with-dsym";
				ENABLE_NS_ASSERTIONS = NO;
				ENABLE_STRICT_OBJC_MSGSEND = YES;
				GCC_C_LANGUAGE_STANDARD = gnu11;
				GCC_NO_COMMON_BLOCKS = YES;
				GCC_WARN_64_TO_32_BIT_CONVERSION = YES;
				GCC_WARN_ABOUT_RETURN_TYPE = YES_ERROR;
				GCC_WARN_UNDECLARED_SELECTOR = YES;
				GCC_WARN_UNINITIALIZED_AUTOS = YES_AGGRESSIVE;
				GCC_WARN_UNUSED_FUNCTION = YES;
				GCC_WARN_UNUSED_VARIABLE = YES;
				IPHONEOS_DEPLOYMENT_TARGET = 11.4;
				MTL_ENABLE_DEBUG_INFO = NO;
				SDKROOT = iphoneos;
				VALIDATE_PRODUCT = YES;
			};
			name = Release;
		};
		AB6F13772105738C00DE3464 /* Debug */ = {
			isa = XCBuildConfiguration;
			baseConfigurationReference = 36546455B7B2D6295B9735C8 /* Pods-VCRunningLocationLogger.debug.xcconfig */;
			buildSettings = {
				ASSETCATALOG_COMPILER_APPICON_NAME = AppIcon;
				CODE_SIGN_STYLE = Automatic;
				DEFINES_MODULE = YES;
				DEVELOPMENT_TEAM = V539PAF2VE;
				ENABLE_BITCODE = NO;
				INFOPLIST_FILE = VCRunningLocationLogger/Info.plist;
				IPHONEOS_DEPLOYMENT_TARGET = 11.2;
				LD_RUNPATH_SEARCH_PATHS = (
					"$(inherited)",
					"@executable_path/Frameworks",
				);
				PRODUCT_BUNDLE_IDENTIFIER = com.nuaax.VCRunningLocationLogger;
				PRODUCT_NAME = "$(TARGET_NAME)";
				TARGETED_DEVICE_FAMILY = "1,2";
			};
			name = Debug;
		};
		AB6F13782105738C00DE3464 /* Release */ = {
			isa = XCBuildConfiguration;
			baseConfigurationReference = 38B82283710F7EF984EB4A64 /* Pods-VCRunningLocationLogger.release.xcconfig */;
			buildSettings = {
				ASSETCATALOG_COMPILER_APPICON_NAME = AppIcon;
				CODE_SIGN_STYLE = Automatic;
				DEFINES_MODULE = YES;
				DEVELOPMENT_TEAM = V539PAF2VE;
				ENABLE_BITCODE = NO;
				INFOPLIST_FILE = VCRunningLocationLogger/Info.plist;
				IPHONEOS_DEPLOYMENT_TARGET = 11.2;
				LD_RUNPATH_SEARCH_PATHS = (
					"$(inherited)",
					"@executable_path/Frameworks",
				);
				PRODUCT_BUNDLE_IDENTIFIER = com.nuaax.VCRunningLocationLogger;
				PRODUCT_NAME = "$(TARGET_NAME)";
				TARGETED_DEVICE_FAMILY = "1,2";
			};
			name = Release;
		};
/* End XCBuildConfiguration section */

/* Begin XCConfigurationList section */
		AB6F135B2105738B00DE3464 /* Build configuration list for PBXProject "VCRunningLocationLogger" */ = {
			isa = XCConfigurationList;
			buildConfigurations = (
				AB6F13742105738C00DE3464 /* Debug */,
				AB6F13752105738C00DE3464 /* Release */,
			);
			defaultConfigurationIsVisible = 0;
			defaultConfigurationName = Release;
		};
		AB6F13762105738C00DE3464 /* Build configuration list for PBXNativeTarget "VCRunningLocationLogger" */ = {
			isa = XCConfigurationList;
			buildConfigurations = (
				AB6F13772105738C00DE3464 /* Debug */,
				AB6F13782105738C00DE3464 /* Release */,
			);
			defaultConfigurationIsVisible = 0;
			defaultConfigurationName = Release;
		};
/* End XCConfigurationList section */
	};
	rootObject = AB6F13582105738B00DE3464 /* Project object */;
}
